
Microsoft Visual Studio Solution File, Format Version 12.00
# Visual Studio 2012
Project("{FAE04EC0-301F-11D3-BF4B-00C04F79EFBC}") = "UserInterface", "UserInterface\UserInterface.csproj", "{DDD31537-2BFC-40FE-8344-8D87BFEB998F}"
EndProject
Project("{2150E333-8FDC-42A3-9474-1A3956D46DE8}") = ".nuget", ".nuget", "{03A3E9F8-1E99-49A2-AE14-370E029E2AF0}"
	ProjectSection(SolutionItems) = preProject
		.nuget\NuGet.Config = .nuget\NuGet.Config
		.nuget\NuGet.exe = .nuget\NuGet.exe
		.nuget\NuGet.targets = .nuget\NuGet.targets
	EndProjectSection
EndProject
Project("{FAE04EC0-301F-11D3-BF4B-00C04F79EFBC}") = "ColloSys.DataLayer", "ColloSys.DataLayer\ColloSys.DataLayer.csproj", "{B2A3CD93-04C0-401B-AB97-C70638956AA3}"
EndProject
Project("{2150E333-8FDC-42A3-9474-1A3956D46DE8}") = "Allocation", "Allocation", "{80A086E8-586D-458F-BC14-B50C877F0453}"
EndProject
Project("{FAE04EC0-301F-11D3-BF4B-00C04F79EFBC}") = "AllocationService", "AllocationService\AllocationService.csproj", "{65CA14CB-44D0-42C2-9945-CAD72FA1519A}"
EndProject
Project("{2150E333-8FDC-42A3-9474-1A3956D46DE8}") = "DataLayer", "DataLayer", "{6159633C-F083-421F-B9F0-05E5F999681D}"
EndProject
Project("{FAE04EC0-301F-11D3-BF4B-00C04F79EFBC}") = "ColloSys.Shared", "ColloSys.Shared\ColloSys.Shared.csproj", "{670A58BA-000B-41A5-B5AF-F862EF3870A1}"
EndProject
Project("{FAE04EC0-301F-11D3-BF4B-00C04F79EFBC}") = "ColloSys.DataLayer.Services", "ColloSys.DataLayer.Services\ColloSys.DataLayer.Services.csproj", "{0698806C-1901-4659-ACEE-74702E507611}"
EndProject
Project("{FAE04EC0-301F-11D3-BF4B-00C04F79EFBC}") = "ColloSys.Nhibernate.Setup", "ColloSys.Nhibernate.Setup\ColloSys.Nhibernate.Setup.csproj", "{BEBED5EB-34EF-4044-AC35-A3BC2425DBF3}"
EndProject
Project("{2150E333-8FDC-42A3-9474-1A3956D46DE8}") = "Fileupload", "Fileupload", "{9B6AF093-7F2C-442A-ADB2-40FDB81C21EF}"
EndProject
Project("{FAE04EC0-301F-11D3-BF4B-00C04F79EFBC}") = "FileUploadService", "FileUploadService\FileUploadService.csproj", "{0BC673FC-EB6C-4D50-8001-56273F9530A2}"
EndProject
Project("{2150E333-8FDC-42A3-9474-1A3956D46DE8}") = "EmailService", "EmailService", "{7A956C47-DAFA-464E-9AFB-43F8DD74C5B8}"
EndProject
Project("{FAE04EC0-301F-11D3-BF4B-00C04F79EFBC}") = "EMailServices", "EMailServices\EMailServices.csproj", "{9A18FA10-5358-4202-AE4E-54515B23E363}"
EndProject
Project("{FAE04EC0-301F-11D3-BF4B-00C04F79EFBC}") = "AllocationServiceInstaller", "AllocationServiceInstaller\AllocationServiceInstaller.csproj", "{0DB0AD52-CBFB-47C9-BAD6-8C8F03AF7453}"
EndProject
Project("{FAE04EC0-301F-11D3-BF4B-00C04F79EFBC}") = "FileUploadServiceInstaller", "FileUploadServiceInstaller\FileUploadServiceInstaller.csproj", "{41468042-9661-422F-B92B-12D90F1A7309}"
EndProject
Project("{FAE04EC0-301F-11D3-BF4B-00C04F79EFBC}") = "EmailWindowService", "EmailWindowService\EmailWindowService.csproj", "{BE92345F-83EA-41BC-A597-2B1DE0903168}"
EndProject
Project("{2150E333-8FDC-42A3-9474-1A3956D46DE8}") = "BillingService", "BillingService", "{7A6B8A62-8669-4FFA-8B30-33A5602E0A0C}"
EndProject
Project("{FAE04EC0-301F-11D3-BF4B-00C04F79EFBC}") = "Collosys.BillingService", "BillingService\Collosys.BillingService.csproj", "{B918CD29-F06C-426B-AFD6-ED92D230D30E}"
EndProject
Project("{FAE04EC0-301F-11D3-BF4B-00C04F79EFBC}") = "BillingServiceInstaller", "BillingServiceInstaller\BillingServiceInstaller.csproj", "{97C3BD67-1F87-4847-ACBE-0018367754CE}"
EndProject
Project("{FAE04EC0-301F-11D3-BF4B-00C04F79EFBC}") = "ColloSys.DataLayer.Migrate", "ColloSys.DataLayer.Migrate\ColloSys.DataLayer.Migrate.csproj", "{808CCB95-8534-4EC4-B3B9-5BEC22119BE5}"
EndProject
Project("{FAE04EC0-301F-11D3-BF4B-00C04F79EFBC}") = "UserInterfaceAngular", "UserInterfaceAngular\UserInterfaceAngular.csproj", "{001B2F7C-1452-429F-BD60-4DB7D316EA77}"
EndProject
Project("{FAE04EC0-301F-11D3-BF4B-00C04F79EFBC}") = "ColloSys.QueryBuilder", "ColloSys.QueryBuilder\ColloSys.QueryBuilder.csproj", "{4450BB2E-C544-40C2-BCC3-EAB5C385FB0C}"
EndProject
Project("{FAE04EC0-301F-11D3-BF4B-00C04F79EFBC}") = "ColloSys.QueryBuilder.Test", "ColloSys.QueryBuilder.Test\ColloSys.QueryBuilder.Test.csproj", "{94615DA6-1E69-490D-8D73-4FB329E4020F}"
EndProject
Global
	GlobalSection(SolutionConfigurationPlatforms) = preSolution
		Debug|Any CPU = Debug|Any CPU
		Release|Any CPU = Release|Any CPU
		Testing|Any CPU = Testing|Any CPU
	EndGlobalSection
	GlobalSection(ProjectConfigurationPlatforms) = postSolution
		{DDD31537-2BFC-40FE-8344-8D87BFEB998F}.Debug|Any CPU.ActiveCfg = Debug|Any CPU
		{DDD31537-2BFC-40FE-8344-8D87BFEB998F}.Debug|Any CPU.Build.0 = Debug|Any CPU
		{DDD31537-2BFC-40FE-8344-8D87BFEB998F}.Release|Any CPU.ActiveCfg = Release|Any CPU
		{DDD31537-2BFC-40FE-8344-8D87BFEB998F}.Release|Any CPU.Build.0 = Release|Any CPU
		{DDD31537-2BFC-40FE-8344-8D87BFEB998F}.Testing|Any CPU.ActiveCfg = Release|Any CPU
		{DDD31537-2BFC-40FE-8344-8D87BFEB998F}.Testing|Any CPU.Build.0 = Release|Any CPU
		{B2A3CD93-04C0-401B-AB97-C70638956AA3}.Debug|Any CPU.ActiveCfg = Debug|Any CPU
		{B2A3CD93-04C0-401B-AB97-C70638956AA3}.Debug|Any CPU.Build.0 = Debug|Any CPU
		{B2A3CD93-04C0-401B-AB97-C70638956AA3}.Release|Any CPU.ActiveCfg = Release|Any CPU
		{B2A3CD93-04C0-401B-AB97-C70638956AA3}.Release|Any CPU.Build.0 = Release|Any CPU
		{B2A3CD93-04C0-401B-AB97-C70638956AA3}.Testing|Any CPU.ActiveCfg = Release|Any CPU
		{B2A3CD93-04C0-401B-AB97-C70638956AA3}.Testing|Any CPU.Build.0 = Release|Any CPU
		{65CA14CB-44D0-42C2-9945-CAD72FA1519A}.Debug|Any CPU.ActiveCfg = Debug|Any CPU
		{65CA14CB-44D0-42C2-9945-CAD72FA1519A}.Debug|Any CPU.Build.0 = Debug|Any CPU
		{65CA14CB-44D0-42C2-9945-CAD72FA1519A}.Release|Any CPU.ActiveCfg = Release|Any CPU
		{65CA14CB-44D0-42C2-9945-CAD72FA1519A}.Release|Any CPU.Build.0 = Release|Any CPU
		{65CA14CB-44D0-42C2-9945-CAD72FA1519A}.Testing|Any CPU.ActiveCfg = Testing|Any CPU
		{65CA14CB-44D0-42C2-9945-CAD72FA1519A}.Testing|Any CPU.Build.0 = Testing|Any CPU
		{670A58BA-000B-41A5-B5AF-F862EF3870A1}.Debug|Any CPU.ActiveCfg = Debug|Any CPU
		{670A58BA-000B-41A5-B5AF-F862EF3870A1}.Debug|Any CPU.Build.0 = Debug|Any CPU
		{670A58BA-000B-41A5-B5AF-F862EF3870A1}.Release|Any CPU.ActiveCfg = Release|Any CPU
		{670A58BA-000B-41A5-B5AF-F862EF3870A1}.Release|Any CPU.Build.0 = Release|Any CPU
		{670A58BA-000B-41A5-B5AF-F862EF3870A1}.Testing|Any CPU.ActiveCfg = Release|Any CPU
		{670A58BA-000B-41A5-B5AF-F862EF3870A1}.Testing|Any CPU.Build.0 = Release|Any CPU
		{0698806C-1901-4659-ACEE-74702E507611}.Debug|Any CPU.ActiveCfg = Debug|Any CPU
		{0698806C-1901-4659-ACEE-74702E507611}.Debug|Any CPU.Build.0 = Debug|Any CPU
		{0698806C-1901-4659-ACEE-74702E507611}.Release|Any CPU.ActiveCfg = Release|Any CPU
		{0698806C-1901-4659-ACEE-74702E507611}.Release|Any CPU.Build.0 = Release|Any CPU
		{0698806C-1901-4659-ACEE-74702E507611}.Testing|Any CPU.ActiveCfg = Release|Any CPU
		{0698806C-1901-4659-ACEE-74702E507611}.Testing|Any CPU.Build.0 = Release|Any CPU
		{BEBED5EB-34EF-4044-AC35-A3BC2425DBF3}.Debug|Any CPU.ActiveCfg = Debug|Any CPU
		{BEBED5EB-34EF-4044-AC35-A3BC2425DBF3}.Debug|Any CPU.Build.0 = Debug|Any CPU
		{BEBED5EB-34EF-4044-AC35-A3BC2425DBF3}.Release|Any CPU.ActiveCfg = Release|Any CPU
		{BEBED5EB-34EF-4044-AC35-A3BC2425DBF3}.Release|Any CPU.Build.0 = Release|Any CPU
		{BEBED5EB-34EF-4044-AC35-A3BC2425DBF3}.Testing|Any CPU.ActiveCfg = Release|Any CPU
		{BEBED5EB-34EF-4044-AC35-A3BC2425DBF3}.Testing|Any CPU.Build.0 = Release|Any CPU
		{0BC673FC-EB6C-4D50-8001-56273F9530A2}.Debug|Any CPU.ActiveCfg = Debug|Any CPU
		{0BC673FC-EB6C-4D50-8001-56273F9530A2}.Debug|Any CPU.Build.0 = Debug|Any CPU
		{0BC673FC-EB6C-4D50-8001-56273F9530A2}.Release|Any CPU.ActiveCfg = Release|Any CPU
		{0BC673FC-EB6C-4D50-8001-56273F9530A2}.Release|Any CPU.Build.0 = Release|Any CPU
		{0BC673FC-EB6C-4D50-8001-56273F9530A2}.Testing|Any CPU.ActiveCfg = Testing|Any CPU
		{0BC673FC-EB6C-4D50-8001-56273F9530A2}.Testing|Any CPU.Build.0 = Testing|Any CPU
		{9A18FA10-5358-4202-AE4E-54515B23E363}.Debug|Any CPU.ActiveCfg = Debug|Any CPU
		{9A18FA10-5358-4202-AE4E-54515B23E363}.Debug|Any CPU.Build.0 = Debug|Any CPU
		{9A18FA10-5358-4202-AE4E-54515B23E363}.Release|Any CPU.ActiveCfg = Release|Any CPU
		{9A18FA10-5358-4202-AE4E-54515B23E363}.Release|Any CPU.Build.0 = Release|Any CPU
		{9A18FA10-5358-4202-AE4E-54515B23E363}.Testing|Any CPU.ActiveCfg = Release|Any CPU
		{9A18FA10-5358-4202-AE4E-54515B23E363}.Testing|Any CPU.Build.0 = Release|Any CPU
		{0DB0AD52-CBFB-47C9-BAD6-8C8F03AF7453}.Debug|Any CPU.ActiveCfg = Debug|Any CPU
		{0DB0AD52-CBFB-47C9-BAD6-8C8F03AF7453}.Debug|Any CPU.Build.0 = Debug|Any CPU
		{0DB0AD52-CBFB-47C9-BAD6-8C8F03AF7453}.Release|Any CPU.ActiveCfg = Release|Any CPU
		{0DB0AD52-CBFB-47C9-BAD6-8C8F03AF7453}.Release|Any CPU.Build.0 = Release|Any CPU
		{0DB0AD52-CBFB-47C9-BAD6-8C8F03AF7453}.Testing|Any CPU.ActiveCfg = Testing|Any CPU
		{0DB0AD52-CBFB-47C9-BAD6-8C8F03AF7453}.Testing|Any CPU.Build.0 = Testing|Any CPU
		{41468042-9661-422F-B92B-12D90F1A7309}.Debug|Any CPU.ActiveCfg = Debug|Any CPU
		{41468042-9661-422F-B92B-12D90F1A7309}.Debug|Any CPU.Build.0 = Debug|Any CPU
		{41468042-9661-422F-B92B-12D90F1A7309}.Release|Any CPU.ActiveCfg = Release|Any CPU
		{41468042-9661-422F-B92B-12D90F1A7309}.Release|Any CPU.Build.0 = Release|Any CPU
		{41468042-9661-422F-B92B-12D90F1A7309}.Testing|Any CPU.ActiveCfg = Testing|Any CPU
		{41468042-9661-422F-B92B-12D90F1A7309}.Testing|Any CPU.Build.0 = Testing|Any CPU
		{BE92345F-83EA-41BC-A597-2B1DE0903168}.Debug|Any CPU.ActiveCfg = Debug|Any CPU
		{BE92345F-83EA-41BC-A597-2B1DE0903168}.Debug|Any CPU.Build.0 = Debug|Any CPU
		{BE92345F-83EA-41BC-A597-2B1DE0903168}.Release|Any CPU.ActiveCfg = Release|Any CPU
		{BE92345F-83EA-41BC-A597-2B1DE0903168}.Release|Any CPU.Build.0 = Release|Any CPU
		{BE92345F-83EA-41BC-A597-2B1DE0903168}.Testing|Any CPU.ActiveCfg = Release|Any CPU
		{BE92345F-83EA-41BC-A597-2B1DE0903168}.Testing|Any CPU.Build.0 = Release|Any CPU
		{B918CD29-F06C-426B-AFD6-ED92D230D30E}.Debug|Any CPU.ActiveCfg = Debug|Any CPU
		{B918CD29-F06C-426B-AFD6-ED92D230D30E}.Debug|Any CPU.Build.0 = Debug|Any CPU
		{B918CD29-F06C-426B-AFD6-ED92D230D30E}.Release|Any CPU.ActiveCfg = Release|Any CPU
		{B918CD29-F06C-426B-AFD6-ED92D230D30E}.Release|Any CPU.Build.0 = Release|Any CPU
		{B918CD29-F06C-426B-AFD6-ED92D230D30E}.Testing|Any CPU.ActiveCfg = Release|Any CPU
		{B918CD29-F06C-426B-AFD6-ED92D230D30E}.Testing|Any CPU.Build.0 = Release|Any CPU
		{97C3BD67-1F87-4847-ACBE-0018367754CE}.Debug|Any CPU.ActiveCfg = Debug|Any CPU
		{97C3BD67-1F87-4847-ACBE-0018367754CE}.Debug|Any CPU.Build.0 = Debug|Any CPU
		{97C3BD67-1F87-4847-ACBE-0018367754CE}.Release|Any CPU.ActiveCfg = Release|Any CPU
		{97C3BD67-1F87-4847-ACBE-0018367754CE}.Release|Any CPU.Build.0 = Release|Any CPU
		{97C3BD67-1F87-4847-ACBE-0018367754CE}.Testing|Any CPU.ActiveCfg = Testing|Any CPU
		{97C3BD67-1F87-4847-ACBE-0018367754CE}.Testing|Any CPU.Build.0 = Testing|Any CPU
		{808CCB95-8534-4EC4-B3B9-5BEC22119BE5}.Debug|Any CPU.ActiveCfg = Debug|Any CPU
		{808CCB95-8534-4EC4-B3B9-5BEC22119BE5}.Debug|Any CPU.Build.0 = Debug|Any CPU
		{808CCB95-8534-4EC4-B3B9-5BEC22119BE5}.Release|Any CPU.ActiveCfg = Release|Any CPU
		{808CCB95-8534-4EC4-B3B9-5BEC22119BE5}.Release|Any CPU.Build.0 = Release|Any CPU
		{808CCB95-8534-4EC4-B3B9-5BEC22119BE5}.Testing|Any CPU.ActiveCfg = Release|Any CPU
		{808CCB95-8534-4EC4-B3B9-5BEC22119BE5}.Testing|Any CPU.Build.0 = Release|Any CPU
		{001B2F7C-1452-429F-BD60-4DB7D316EA77}.Debug|Any CPU.ActiveCfg = Debug|Any CPU
		{001B2F7C-1452-429F-BD60-4DB7D316EA77}.Debug|Any CPU.Build.0 = Debug|Any CPU
		{001B2F7C-1452-429F-BD60-4DB7D316EA77}.Release|Any CPU.ActiveCfg = Release|Any CPU
		{001B2F7C-1452-429F-BD60-4DB7D316EA77}.Release|Any CPU.Build.0 = Release|Any CPU
		{001B2F7C-1452-429F-BD60-4DB7D316EA77}.Testing|Any CPU.ActiveCfg = Release|Any CPU
		{001B2F7C-1452-429F-BD60-4DB7D316EA77}.Testing|Any CPU.Build.0 = Release|Any CPU
		{4450BB2E-C544-40C2-BCC3-EAB5C385FB0C}.Debug|Any CPU.ActiveCfg = Debug|Any CPU
		{4450BB2E-C544-40C2-BCC3-EAB5C385FB0C}.Debug|Any CPU.Build.0 = Debug|Any CPU
		{4450BB2E-C544-40C2-BCC3-EAB5C385FB0C}.Release|Any CPU.ActiveCfg = Release|Any CPU
		{4450BB2E-C544-40C2-BCC3-EAB5C385FB0C}.Release|Any CPU.Build.0 = Release|Any CPU
		{4450BB2E-C544-40C2-BCC3-EAB5C385FB0C}.Testing|Any CPU.ActiveCfg = Release|Any CPU
		{4450BB2E-C544-40C2-BCC3-EAB5C385FB0C}.Testing|Any CPU.Build.0 = Release|Any CPU
		{94615DA6-1E69-490D-8D73-4FB329E4020F}.Debug|Any CPU.ActiveCfg = Debug|Any CPU
		{94615DA6-1E69-490D-8D73-4FB329E4020F}.Debug|Any CPU.Build.0 = Debug|Any CPU
		{94615DA6-1E69-490D-8D73-4FB329E4020F}.Release|Any CPU.ActiveCfg = Release|Any CPU
		{94615DA6-1E69-490D-8D73-4FB329E4020F}.Release|Any CPU.Build.0 = Release|Any CPU
		{94615DA6-1E69-490D-8D73-4FB329E4020F}.Testing|Any CPU.ActiveCfg = Release|Any CPU
		{94615DA6-1E69-490D-8D73-4FB329E4020F}.Testing|Any CPU.Build.0 = Release|Any CPU
	EndGlobalSection
	GlobalSection(SolutionProperties) = preSolution
		HideSolutionNode = FALSE
	EndGlobalSection
	GlobalSection(NestedProjects) = preSolution
		{B2A3CD93-04C0-401B-AB97-C70638956AA3} = {6159633C-F083-421F-B9F0-05E5F999681D}
		{670A58BA-000B-41A5-B5AF-F862EF3870A1} = {6159633C-F083-421F-B9F0-05E5F999681D}
		{0698806C-1901-4659-ACEE-74702E507611} = {6159633C-F083-421F-B9F0-05E5F999681D}
		{BEBED5EB-34EF-4044-AC35-A3BC2425DBF3} = {6159633C-F083-421F-B9F0-05E5F999681D}
		{808CCB95-8534-4EC4-B3B9-5BEC22119BE5} = {6159633C-F083-421F-B9F0-05E5F999681D}
		{4450BB2E-C544-40C2-BCC3-EAB5C385FB0C} = {6159633C-F083-421F-B9F0-05E5F999681D}
		{94615DA6-1E69-490D-8D73-4FB329E4020F} = {6159633C-F083-421F-B9F0-05E5F999681D}
		{65CA14CB-44D0-42C2-9945-CAD72FA1519A} = {80A086E8-586D-458F-BC14-B50C877F0453}
		{0DB0AD52-CBFB-47C9-BAD6-8C8F03AF7453} = {80A086E8-586D-458F-BC14-B50C877F0453}
		{0BC673FC-EB6C-4D50-8001-56273F9530A2} = {9B6AF093-7F2C-442A-ADB2-40FDB81C21EF}
		{41468042-9661-422F-B92B-12D90F1A7309} = {9B6AF093-7F2C-442A-ADB2-40FDB81C21EF}
		{9A18FA10-5358-4202-AE4E-54515B23E363} = {7A956C47-DAFA-464E-9AFB-43F8DD74C5B8}
		{BE92345F-83EA-41BC-A597-2B1DE0903168} = {7A956C47-DAFA-464E-9AFB-43F8DD74C5B8}
		{B918CD29-F06C-426B-AFD6-ED92D230D30E} = {7A6B8A62-8669-4FFA-8B30-33A5602E0A0C}
		{97C3BD67-1F87-4847-ACBE-0018367754CE} = {7A6B8A62-8669-4FFA-8B30-33A5602E0A0C}
	EndGlobalSection
EndGlobal
