
Microsoft Visual Studio Solution File, Format Version 12.00
# Visual Studio 2012
Project("{FAE04EC0-301F-11D3-BF4B-00C04F79EFBC}") = "DataLayer.Services", "DataLayer.Services\DataLayer.Services.csproj", "{D098342B-92EC-4607-9591-770B55ECA66A}"
EndProject
Project("{FAE04EC0-301F-11D3-BF4B-00C04F79EFBC}") = "UserInterface.Testing", "UserInterface.Testing\UserInterface.Testing.csproj", "{2F93C3C3-7CDF-40E6-91C4-CFE1AE97522F}"
EndProject
Project("{FAE04EC0-301F-11D3-BF4B-00C04F79EFBC}") = "DataLayer.Infra", "DataLayer.Infra\DataLayer.Infra.csproj", "{B8792EBE-74AD-4E50-BE8E-B5AB6CC688C8}"
EndProject
Project("{2150E333-8FDC-42A3-9474-1A3956D46DE8}") = "FileUpload", "FileUpload", "{6ED69828-A43F-4C7D-91FD-6A82A6ECE153}"
EndProject
Project("{FAE04EC0-301F-11D3-BF4B-00C04F79EFBC}") = "FileUploadService", "FileUploadService\FileUploadService.csproj", "{0BC673FC-EB6C-4D50-8001-56273F9530A2}"
EndProject
Project("{FAE04EC0-301F-11D3-BF4B-00C04F79EFBC}") = "FileUploadServiceInstaller", "FileUploadServiceInstaller\FileUploadServiceInstaller.csproj", "{41468042-9661-422F-B92B-12D90F1A7309}"
EndProject
Project("{FAE04EC0-301F-11D3-BF4B-00C04F79EFBC}") = "UserInterfaceAngular", "UserInterfaceAngular\UserInterfaceAngular.csproj", "{001B2F7C-1452-429F-BD60-4DB7D316EA77}"
EndProject
Project("{2150E333-8FDC-42A3-9474-1A3956D46DE8}") = "DataLayer", "DataLayer", "{B2CC1952-6872-4791-B08B-F9B59932363F}"
EndProject
Project("{FAE04EC0-301F-11D3-BF4B-00C04F79EFBC}") = "FileUpload.Testing", "FileUpload.Testing\FileUpload.Testing.csproj", "{BD0649CB-F333-4B0A-9BA1-49C4AE5534D6}"
EndProject
Project("{FAE04EC0-301F-11D3-BF4B-00C04F79EFBC}") = "NlogTest", "NLogTest\NlogTest.csproj", "{1D2EFCCA-0BB7-4E30-84B1-68559E1863DA}"
EndProject
Project("{2150E333-8FDC-42A3-9474-1A3956D46DE8}") = "ASLibs", "ASLibs", "{3DBEC734-0B9C-41FE-9D0A-FA1ABC23439C}"
EndProject
Project("{2150E333-8FDC-42A3-9474-1A3956D46DE8}") = "Allocation", "Allocation", "{4BE216FA-E135-48DC-9CD5-175DCF118599}"
EndProject
Project("{FAE04EC0-301F-11D3-BF4B-00C04F79EFBC}") = "AllocationServiceInstaller", "AllocationServiceInstaller\AllocationServiceInstaller.csproj", "{0DB0AD52-CBFB-47C9-BAD6-8C8F03AF7453}"
EndProject
Project("{FAE04EC0-301F-11D3-BF4B-00C04F79EFBC}") = "AllocationService", "AllocationService\AllocationService.csproj", "{65CA14CB-44D0-42C2-9945-CAD72FA1519A}"
EndProject
Global
	GlobalSection(SolutionConfigurationPlatforms) = preSolution
		Debug|Any CPU = Debug|Any CPU
		MSTEST_DEBUG|Any CPU = MSTEST_DEBUG|Any CPU
		MSTEST_RELEASE|Any CPU = MSTEST_RELEASE|Any CPU
		NUNIT_DEBUG|Any CPU = NUNIT_DEBUG|Any CPU
		NUNIT_RELEASE|Any CPU = NUNIT_RELEASE|Any CPU
		Release|Any CPU = Release|Any CPU
	EndGlobalSection
	GlobalSection(ProjectConfigurationPlatforms) = postSolution
		{D098342B-92EC-4607-9591-770B55ECA66A}.Debug|Any CPU.ActiveCfg = Debug|Any CPU
		{D098342B-92EC-4607-9591-770B55ECA66A}.Debug|Any CPU.Build.0 = Debug|Any CPU
		{D098342B-92EC-4607-9591-770B55ECA66A}.MSTEST_DEBUG|Any CPU.ActiveCfg = Release|Any CPU
		{D098342B-92EC-4607-9591-770B55ECA66A}.MSTEST_DEBUG|Any CPU.Build.0 = Release|Any CPU
		{D098342B-92EC-4607-9591-770B55ECA66A}.MSTEST_RELEASE|Any CPU.ActiveCfg = Release|Any CPU
		{D098342B-92EC-4607-9591-770B55ECA66A}.MSTEST_RELEASE|Any CPU.Build.0 = Release|Any CPU
		{D098342B-92EC-4607-9591-770B55ECA66A}.NUNIT_DEBUG|Any CPU.ActiveCfg = Release|Any CPU
		{D098342B-92EC-4607-9591-770B55ECA66A}.NUNIT_DEBUG|Any CPU.Build.0 = Release|Any CPU
		{D098342B-92EC-4607-9591-770B55ECA66A}.NUNIT_RELEASE|Any CPU.ActiveCfg = Release|Any CPU
		{D098342B-92EC-4607-9591-770B55ECA66A}.NUNIT_RELEASE|Any CPU.Build.0 = Release|Any CPU
		{D098342B-92EC-4607-9591-770B55ECA66A}.Release|Any CPU.ActiveCfg = Release|Any CPU
		{D098342B-92EC-4607-9591-770B55ECA66A}.Release|Any CPU.Build.0 = Release|Any CPU
		{2F93C3C3-7CDF-40E6-91C4-CFE1AE97522F}.Debug|Any CPU.ActiveCfg = Debug|Any CPU
		{2F93C3C3-7CDF-40E6-91C4-CFE1AE97522F}.Debug|Any CPU.Build.0 = Debug|Any CPU
		{2F93C3C3-7CDF-40E6-91C4-CFE1AE97522F}.MSTEST_DEBUG|Any CPU.ActiveCfg = Release|Any CPU
		{2F93C3C3-7CDF-40E6-91C4-CFE1AE97522F}.MSTEST_DEBUG|Any CPU.Build.0 = Release|Any CPU
		{2F93C3C3-7CDF-40E6-91C4-CFE1AE97522F}.MSTEST_RELEASE|Any CPU.ActiveCfg = Release|Any CPU
		{2F93C3C3-7CDF-40E6-91C4-CFE1AE97522F}.MSTEST_RELEASE|Any CPU.Build.0 = Release|Any CPU
		{2F93C3C3-7CDF-40E6-91C4-CFE1AE97522F}.NUNIT_DEBUG|Any CPU.ActiveCfg = Release|Any CPU
		{2F93C3C3-7CDF-40E6-91C4-CFE1AE97522F}.NUNIT_DEBUG|Any CPU.Build.0 = Release|Any CPU
		{2F93C3C3-7CDF-40E6-91C4-CFE1AE97522F}.NUNIT_RELEASE|Any CPU.ActiveCfg = Release|Any CPU
		{2F93C3C3-7CDF-40E6-91C4-CFE1AE97522F}.NUNIT_RELEASE|Any CPU.Build.0 = Release|Any CPU
		{2F93C3C3-7CDF-40E6-91C4-CFE1AE97522F}.Release|Any CPU.ActiveCfg = Release|Any CPU
		{2F93C3C3-7CDF-40E6-91C4-CFE1AE97522F}.Release|Any CPU.Build.0 = Release|Any CPU
		{B8792EBE-74AD-4E50-BE8E-B5AB6CC688C8}.Debug|Any CPU.ActiveCfg = Debug|Any CPU
		{B8792EBE-74AD-4E50-BE8E-B5AB6CC688C8}.Debug|Any CPU.Build.0 = Debug|Any CPU
		{B8792EBE-74AD-4E50-BE8E-B5AB6CC688C8}.MSTEST_DEBUG|Any CPU.ActiveCfg = Release|Any CPU
		{B8792EBE-74AD-4E50-BE8E-B5AB6CC688C8}.MSTEST_DEBUG|Any CPU.Build.0 = Release|Any CPU
		{B8792EBE-74AD-4E50-BE8E-B5AB6CC688C8}.MSTEST_RELEASE|Any CPU.ActiveCfg = Release|Any CPU
		{B8792EBE-74AD-4E50-BE8E-B5AB6CC688C8}.MSTEST_RELEASE|Any CPU.Build.0 = Release|Any CPU
		{B8792EBE-74AD-4E50-BE8E-B5AB6CC688C8}.NUNIT_DEBUG|Any CPU.ActiveCfg = Release|Any CPU
		{B8792EBE-74AD-4E50-BE8E-B5AB6CC688C8}.NUNIT_DEBUG|Any CPU.Build.0 = Release|Any CPU
		{B8792EBE-74AD-4E50-BE8E-B5AB6CC688C8}.NUNIT_RELEASE|Any CPU.ActiveCfg = Release|Any CPU
		{B8792EBE-74AD-4E50-BE8E-B5AB6CC688C8}.NUNIT_RELEASE|Any CPU.Build.0 = Release|Any CPU
		{B8792EBE-74AD-4E50-BE8E-B5AB6CC688C8}.Release|Any CPU.ActiveCfg = Release|Any CPU
		{B8792EBE-74AD-4E50-BE8E-B5AB6CC688C8}.Release|Any CPU.Build.0 = Release|Any CPU
		{0BC673FC-EB6C-4D50-8001-56273F9530A2}.Debug|Any CPU.ActiveCfg = Debug|Any CPU
		{0BC673FC-EB6C-4D50-8001-56273F9530A2}.Debug|Any CPU.Build.0 = Debug|Any CPU
		{0BC673FC-EB6C-4D50-8001-56273F9530A2}.MSTEST_DEBUG|Any CPU.ActiveCfg = Release|Any CPU
		{0BC673FC-EB6C-4D50-8001-56273F9530A2}.MSTEST_DEBUG|Any CPU.Build.0 = Release|Any CPU
		{0BC673FC-EB6C-4D50-8001-56273F9530A2}.MSTEST_RELEASE|Any CPU.ActiveCfg = Release|Any CPU
		{0BC673FC-EB6C-4D50-8001-56273F9530A2}.MSTEST_RELEASE|Any CPU.Build.0 = Release|Any CPU
		{0BC673FC-EB6C-4D50-8001-56273F9530A2}.NUNIT_DEBUG|Any CPU.ActiveCfg = Release|Any CPU
		{0BC673FC-EB6C-4D50-8001-56273F9530A2}.NUNIT_DEBUG|Any CPU.Build.0 = Release|Any CPU
		{0BC673FC-EB6C-4D50-8001-56273F9530A2}.NUNIT_RELEASE|Any CPU.ActiveCfg = Release|Any CPU
		{0BC673FC-EB6C-4D50-8001-56273F9530A2}.NUNIT_RELEASE|Any CPU.Build.0 = Release|Any CPU
		{0BC673FC-EB6C-4D50-8001-56273F9530A2}.Release|Any CPU.ActiveCfg = Release|Any CPU
		{0BC673FC-EB6C-4D50-8001-56273F9530A2}.Release|Any CPU.Build.0 = Release|Any CPU
		{41468042-9661-422F-B92B-12D90F1A7309}.Debug|Any CPU.ActiveCfg = Debug|Any CPU
		{41468042-9661-422F-B92B-12D90F1A7309}.Debug|Any CPU.Build.0 = Debug|Any CPU
		{41468042-9661-422F-B92B-12D90F1A7309}.MSTEST_DEBUG|Any CPU.ActiveCfg = Release|Any CPU
		{41468042-9661-422F-B92B-12D90F1A7309}.MSTEST_DEBUG|Any CPU.Build.0 = Release|Any CPU
		{41468042-9661-422F-B92B-12D90F1A7309}.MSTEST_RELEASE|Any CPU.ActiveCfg = Release|Any CPU
		{41468042-9661-422F-B92B-12D90F1A7309}.MSTEST_RELEASE|Any CPU.Build.0 = Release|Any CPU
		{41468042-9661-422F-B92B-12D90F1A7309}.NUNIT_DEBUG|Any CPU.ActiveCfg = Release|Any CPU
		{41468042-9661-422F-B92B-12D90F1A7309}.NUNIT_DEBUG|Any CPU.Build.0 = Release|Any CPU
		{41468042-9661-422F-B92B-12D90F1A7309}.NUNIT_RELEASE|Any CPU.ActiveCfg = Release|Any CPU
		{41468042-9661-422F-B92B-12D90F1A7309}.NUNIT_RELEASE|Any CPU.Build.0 = Release|Any CPU
		{41468042-9661-422F-B92B-12D90F1A7309}.Release|Any CPU.ActiveCfg = Release|Any CPU
		{41468042-9661-422F-B92B-12D90F1A7309}.Release|Any CPU.Build.0 = Release|Any CPU
		{001B2F7C-1452-429F-BD60-4DB7D316EA77}.Debug|Any CPU.ActiveCfg = Debug|Any CPU
		{001B2F7C-1452-429F-BD60-4DB7D316EA77}.Debug|Any CPU.Build.0 = Debug|Any CPU
		{001B2F7C-1452-429F-BD60-4DB7D316EA77}.MSTEST_DEBUG|Any CPU.ActiveCfg = Release|Any CPU
		{001B2F7C-1452-429F-BD60-4DB7D316EA77}.MSTEST_DEBUG|Any CPU.Build.0 = Release|Any CPU
		{001B2F7C-1452-429F-BD60-4DB7D316EA77}.MSTEST_RELEASE|Any CPU.ActiveCfg = Release|Any CPU
		{001B2F7C-1452-429F-BD60-4DB7D316EA77}.MSTEST_RELEASE|Any CPU.Build.0 = Release|Any CPU
		{001B2F7C-1452-429F-BD60-4DB7D316EA77}.NUNIT_DEBUG|Any CPU.ActiveCfg = Release|Any CPU
		{001B2F7C-1452-429F-BD60-4DB7D316EA77}.NUNIT_DEBUG|Any CPU.Build.0 = Release|Any CPU
		{001B2F7C-1452-429F-BD60-4DB7D316EA77}.NUNIT_RELEASE|Any CPU.ActiveCfg = Release|Any CPU
		{001B2F7C-1452-429F-BD60-4DB7D316EA77}.NUNIT_RELEASE|Any CPU.Build.0 = Release|Any CPU
		{001B2F7C-1452-429F-BD60-4DB7D316EA77}.Release|Any CPU.ActiveCfg = Release|Any CPU
		{001B2F7C-1452-429F-BD60-4DB7D316EA77}.Release|Any CPU.Build.0 = Release|Any CPU
		{BD0649CB-F333-4B0A-9BA1-49C4AE5534D6}.Debug|Any CPU.ActiveCfg = Debug|Any CPU
		{BD0649CB-F333-4B0A-9BA1-49C4AE5534D6}.Debug|Any CPU.Build.0 = Debug|Any CPU
		{BD0649CB-F333-4B0A-9BA1-49C4AE5534D6}.MSTEST_DEBUG|Any CPU.ActiveCfg = Release|Any CPU
		{BD0649CB-F333-4B0A-9BA1-49C4AE5534D6}.MSTEST_DEBUG|Any CPU.Build.0 = Release|Any CPU
		{BD0649CB-F333-4B0A-9BA1-49C4AE5534D6}.MSTEST_RELEASE|Any CPU.ActiveCfg = Release|Any CPU
		{BD0649CB-F333-4B0A-9BA1-49C4AE5534D6}.MSTEST_RELEASE|Any CPU.Build.0 = Release|Any CPU
		{BD0649CB-F333-4B0A-9BA1-49C4AE5534D6}.NUNIT_DEBUG|Any CPU.ActiveCfg = Release|Any CPU
		{BD0649CB-F333-4B0A-9BA1-49C4AE5534D6}.NUNIT_DEBUG|Any CPU.Build.0 = Release|Any CPU
		{BD0649CB-F333-4B0A-9BA1-49C4AE5534D6}.NUNIT_RELEASE|Any CPU.ActiveCfg = Release|Any CPU
		{BD0649CB-F333-4B0A-9BA1-49C4AE5534D6}.NUNIT_RELEASE|Any CPU.Build.0 = Release|Any CPU
		{BD0649CB-F333-4B0A-9BA1-49C4AE5534D6}.Release|Any CPU.ActiveCfg = Release|Any CPU
		{BD0649CB-F333-4B0A-9BA1-49C4AE5534D6}.Release|Any CPU.Build.0 = Release|Any CPU
		{1D2EFCCA-0BB7-4E30-84B1-68559E1863DA}.Debug|Any CPU.ActiveCfg = Debug|Any CPU
		{1D2EFCCA-0BB7-4E30-84B1-68559E1863DA}.Debug|Any CPU.Build.0 = Debug|Any CPU
		{1D2EFCCA-0BB7-4E30-84B1-68559E1863DA}.MSTEST_DEBUG|Any CPU.ActiveCfg = Release|Any CPU
		{1D2EFCCA-0BB7-4E30-84B1-68559E1863DA}.MSTEST_DEBUG|Any CPU.Build.0 = Release|Any CPU
		{1D2EFCCA-0BB7-4E30-84B1-68559E1863DA}.MSTEST_RELEASE|Any CPU.ActiveCfg = Release|Any CPU
		{1D2EFCCA-0BB7-4E30-84B1-68559E1863DA}.MSTEST_RELEASE|Any CPU.Build.0 = Release|Any CPU
		{1D2EFCCA-0BB7-4E30-84B1-68559E1863DA}.NUNIT_DEBUG|Any CPU.ActiveCfg = Release|Any CPU
		{1D2EFCCA-0BB7-4E30-84B1-68559E1863DA}.NUNIT_DEBUG|Any CPU.Build.0 = Release|Any CPU
		{1D2EFCCA-0BB7-4E30-84B1-68559E1863DA}.NUNIT_RELEASE|Any CPU.ActiveCfg = Release|Any CPU
		{1D2EFCCA-0BB7-4E30-84B1-68559E1863DA}.NUNIT_RELEASE|Any CPU.Build.0 = Release|Any CPU
		{1D2EFCCA-0BB7-4E30-84B1-68559E1863DA}.Release|Any CPU.ActiveCfg = Release|Any CPU
		{1D2EFCCA-0BB7-4E30-84B1-68559E1863DA}.Release|Any CPU.Build.0 = Release|Any CPU
		{0DB0AD52-CBFB-47C9-BAD6-8C8F03AF7453}.Debug|Any CPU.ActiveCfg = Debug|Any CPU
		{0DB0AD52-CBFB-47C9-BAD6-8C8F03AF7453}.Debug|Any CPU.Build.0 = Debug|Any CPU
		{0DB0AD52-CBFB-47C9-BAD6-8C8F03AF7453}.MSTEST_DEBUG|Any CPU.ActiveCfg = Release|Any CPU
		{0DB0AD52-CBFB-47C9-BAD6-8C8F03AF7453}.MSTEST_DEBUG|Any CPU.Build.0 = Release|Any CPU
		{0DB0AD52-CBFB-47C9-BAD6-8C8F03AF7453}.MSTEST_RELEASE|Any CPU.ActiveCfg = Release|Any CPU
		{0DB0AD52-CBFB-47C9-BAD6-8C8F03AF7453}.MSTEST_RELEASE|Any CPU.Build.0 = Release|Any CPU
		{0DB0AD52-CBFB-47C9-BAD6-8C8F03AF7453}.NUNIT_DEBUG|Any CPU.ActiveCfg = Release|Any CPU
		{0DB0AD52-CBFB-47C9-BAD6-8C8F03AF7453}.NUNIT_DEBUG|Any CPU.Build.0 = Release|Any CPU
		{0DB0AD52-CBFB-47C9-BAD6-8C8F03AF7453}.NUNIT_RELEASE|Any CPU.ActiveCfg = Release|Any CPU
		{0DB0AD52-CBFB-47C9-BAD6-8C8F03AF7453}.NUNIT_RELEASE|Any CPU.Build.0 = Release|Any CPU
		{0DB0AD52-CBFB-47C9-BAD6-8C8F03AF7453}.Release|Any CPU.ActiveCfg = Release|Any CPU
		{0DB0AD52-CBFB-47C9-BAD6-8C8F03AF7453}.Release|Any CPU.Build.0 = Release|Any CPU
		{65CA14CB-44D0-42C2-9945-CAD72FA1519A}.Debug|Any CPU.ActiveCfg = Debug|Any CPU
		{65CA14CB-44D0-42C2-9945-CAD72FA1519A}.Debug|Any CPU.Build.0 = Debug|Any CPU
		{65CA14CB-44D0-42C2-9945-CAD72FA1519A}.MSTEST_DEBUG|Any CPU.ActiveCfg = Release|Any CPU
		{65CA14CB-44D0-42C2-9945-CAD72FA1519A}.MSTEST_DEBUG|Any CPU.Build.0 = Release|Any CPU
		{65CA14CB-44D0-42C2-9945-CAD72FA1519A}.MSTEST_RELEASE|Any CPU.ActiveCfg = Release|Any CPU
		{65CA14CB-44D0-42C2-9945-CAD72FA1519A}.MSTEST_RELEASE|Any CPU.Build.0 = Release|Any CPU
		{65CA14CB-44D0-42C2-9945-CAD72FA1519A}.NUNIT_DEBUG|Any CPU.ActiveCfg = Release|Any CPU
		{65CA14CB-44D0-42C2-9945-CAD72FA1519A}.NUNIT_DEBUG|Any CPU.Build.0 = Release|Any CPU
		{65CA14CB-44D0-42C2-9945-CAD72FA1519A}.NUNIT_RELEASE|Any CPU.ActiveCfg = Release|Any CPU
		{65CA14CB-44D0-42C2-9945-CAD72FA1519A}.NUNIT_RELEASE|Any CPU.Build.0 = Release|Any CPU
		{65CA14CB-44D0-42C2-9945-CAD72FA1519A}.Release|Any CPU.ActiveCfg = Release|Any CPU
		{65CA14CB-44D0-42C2-9945-CAD72FA1519A}.Release|Any CPU.Build.0 = Release|Any CPU
	EndGlobalSection
	GlobalSection(SolutionProperties) = preSolution
		HideSolutionNode = FALSE
	EndGlobalSection
	GlobalSection(NestedProjects) = preSolution
		{B8792EBE-74AD-4E50-BE8E-B5AB6CC688C8} = {B2CC1952-6872-4791-B08B-F9B59932363F}
		{D098342B-92EC-4607-9591-770B55ECA66A} = {B2CC1952-6872-4791-B08B-F9B59932363F}
		{0BC673FC-EB6C-4D50-8001-56273F9530A2} = {6ED69828-A43F-4C7D-91FD-6A82A6ECE153}
		{41468042-9661-422F-B92B-12D90F1A7309} = {6ED69828-A43F-4C7D-91FD-6A82A6ECE153}
		{BD0649CB-F333-4B0A-9BA1-49C4AE5534D6} = {6ED69828-A43F-4C7D-91FD-6A82A6ECE153}
		{1D2EFCCA-0BB7-4E30-84B1-68559E1863DA} = {3DBEC734-0B9C-41FE-9D0A-FA1ABC23439C}
		{0DB0AD52-CBFB-47C9-BAD6-8C8F03AF7453} = {4BE216FA-E135-48DC-9CD5-175DCF118599}
		{65CA14CB-44D0-42C2-9945-CAD72FA1519A} = {4BE216FA-E135-48DC-9CD5-175DCF118599}
	EndGlobalSection
EndGlobal
